// !$*UTF8*$!
{
	archiveVersion = 1;
	classes = {
	};
	objectVersion = 77;
	objects = {

/* Begin PBXBuildFile section */
		EB030EC52F4C0C2100483147 /* SolarSystemEngine.cpp in Sources */ = {isa = PBXBuildFile; fileRef = EB030EC42F4C0C1F00483147 /* SolarSystemEngine.cpp */; };
/* End PBXBuildFile section */

/* Begin PBXContainerItemProxy section */
		EB030EA32F4C06F600483147 /* PBXContainerItemProxy */ = {
			isa = PBXContainerItemProxy;
			containerPortal = EB030E8D2F4C06F400483147 /* Project object */;
			proxyType = 1;
			remoteGlobalIDString = EB030E942F4C06F400483147;
			remoteInfo = SolarSystemApp;
		};
		EB030EAD2F4C06F600483147 /* PBXContainerItemProxy */ = {
			isa = PBXContainerItemProxy;
			containerPortal = EB030E8D2F4C06F400483147 /* Project object */;
			proxyType = 1;
			remoteGlobalIDString = EB030E942F4C06F400483147;
			remoteInfo = SolarSystemApp;
		};
/* End PBXContainerItemProxy section */

/* Begin PBXFileReference section */
		EB030E952F4C06F400483147 /* SolarSystemApp.app */ = {isa = PBXFileReference; explicitFileType = wrapper.application; includeInIndex = 0; path = SolarSystemApp.app; sourceTree = BUILT_PRODUCTS_DIR; };
		EB030EA22F4C06F600483147 /* SolarSystemAppTests.xctest */ = {isa = PBXFileReference; explicitFileType = wrapper.cfbundle; includeInIndex = 0; path = SolarSystemAppTests.xctest; sourceTree = BUILT_PRODUCTS_DIR; };
		EB030EAC2F4C06F600483147 /* SolarSystemAppUITests.xctest */ = {isa = PBXFileReference; explicitFileType = wrapper.cfbundle; includeInIndex = 0; path = SolarSystemAppUITests.xctest; sourceTree = BUILT_PRODUCTS_DIR; };
		EB030EC22F4C094700483147 /* BridgingHeader.h */ = {isa = PBXFileReference; lastKnownFileType = sourcecode.c.h; path = BridgingHeader.h; sourceTree = "<group>"; };
		EB030EC32F4C0A5A00483147 /* SolarSystemEngine.hpp */ = {isa = PBXFileReference; lastKnownFileType = sourcecode.cpp.h; path = SolarSystemEngine.hpp; sourceTree = "<group>"; };
		EB030EC42F4C0C1F00483147 /* SolarSystemEngine.cpp */ = {isa = PBXFileReference; lastKnownFileType = sourcecode.cpp.cpp; path = SolarSystemEngine.cpp; sourceTree = "<group>"; };
/* End PBXFileReference section */

/* Begin PBXFileSystemSynchronizedRootGroup section */
		EB030E972F4C06F400483147 /* SolarSystemApp */ = {
			isa = PBXFileSystemSynchronizedRootGroup;
			path = SolarSystemApp;
			sourceTree = "<group>";
		};
		EB030EA52F4C06F600483147 /* SolarSystemAppTests */ = {
			isa = PBXFileSystemSynchronizedRootGroup;
			path = SolarSystemAppTests;
			sourceTree = "<group>";
		};
		EB030EAF2F4C06F600483147 /* SolarSystemAppUITests */ = {
			isa = PBXFileSystemSynchronizedRootGroup;
			path = SolarSystemAppUITests;
			sourceTree = "<group>";
		};
/* End PBXFileSystemSynchronizedRootGroup section */

/* Begin PBXFrameworksBuildPhase section */
		EB030E922F4C06F400483147 /* Frameworks */ = {
			isa = PBXFrameworksBuildPhase;
			buildActionMask = 2147483647;
			files = (
			);
			runOnlyForDeploymentPostprocessing = 0;
		};
		EB030E9F2F4C06F600483147 /* Frameworks */ = {
			isa = PBXFrameworksBuildPhase;
			buildActionMask = 2147483647;
			files = (
			);
			runOnlyForDeploymentPostprocessing = 0;
		};
		EB030EA92F4C06F600483147 /* Frameworks */ = {
			isa = PBXFrameworksBuildPhase;
			buildActionMask = 2147483647;
			files = (
			);
			runOnlyForDeploymentPostprocessing = 0;
		};
/* End PBXFrameworksBuildPhase section */

/* Begin PBXGroup section */
		EB030E8C2F4C06F400483147 = {
			isa = PBXGroup;
			children = (
				EB030EC22F4C094700483147 /* BridgingHeader.h */,
				EB030EC42F4C0C1F00483147 /* SolarSystemEngine.cpp */,
				EB030EC32F4C0A5A00483147 /* SolarSystemEngine.hpp */,
				EB030E972F4C06F400483147 /* SolarSystemApp */,
				EB030EA52F4C06F600483147 /* SolarSystemAppTests */,
				EB030EAF2F4C06F600483147 /* SolarSystemAppUITests */,
				EB030E962F4C06F400483147 /* Products */,
			);
			sourceTree = "<group>";
		};
		EB030E962F4C06F400483147 /* Products */ = {
			isa = PBXGroup;
			children = (
				EB030E952F4C06F400483147 /* SolarSystemApp.app */,
				EB030EA22F4C06F600483147 /* SolarSystemAppTests.xctest */,
				EB030EAC2F4C06F600483147 /* SolarSystemAppUITests.xctest */,
			);
			name = Products;
			sourceTree = "<group>";
		};
/* End PBXGroup section */

/* Begin PBXNativeTarget section */
		EB030E942F4C06F400483147 /* SolarSystemApp */ = {
			isa = PBXNativeTarget;
			buildConfigurationList = EB030EB62F4C06F600483147 /* Build configuration list for PBXNativeTarget "SolarSystemApp" */;
			buildPhases = (
				EB030E912F4C06F400483147 /* Sources */,
				EB030E922F4C06F400483147 /* Frameworks */,
				EB030E932F4C06F400483147 /* Resources */,
			);
			buildRules = (
			);
			dependencies = (
			);
			fileSystemSynchronizedGroups = (
				EB030E972F4C06F400483147 /* SolarSystemApp */,
			);
			name = SolarSystemApp;
			packageProductDependencies = (
			);
			productName = SolarSystemApp;
			productReference = EB030E952F4C06F400483147 /* SolarSystemApp.app */;
			productType = "com.apple.product-type.application";
		};
		EB030EA12F4C06F600483147 /* SolarSystemAppTests */ = {
			isa = PBXNativeTarget;
			buildConfigurationList = EB030EB92F4C06F600483147 /* Build configuration list for PBXNativeTarget "SolarSystemAppTests" */;
			buildPhases = (
				EB030E9E2F4C06F600483147 /* Sources */,
				EB030E9F2F4C06F600483147 /* Frameworks */,
				EB030EA02F4C06F600483147 /* Resources */,
			);
			buildRules = (
			);
			dependencies = (
				EB030EA42F4C06F600483147 /* PBXTargetDependency */,
			);
			fileSystemSynchronizedGroups = (
				EB030EA52F4C06F600483147 /* SolarSystemAppTests */,
			);
			name = SolarSystemAppTests;
			packageProductDependencies = (
			);
			productName = SolarSystemAppTests;
			productReference = EB030EA22F4C06F600483147 /* SolarSystemAppTests.xctest */;
			productType = "com.apple.product-type.bundle.unit-test";
		};
		EB030EAB2F4C06F600483147 /* SolarSystemAppUITests */ = {
			isa = PBXNativeTarget;
			buildConfigurationList = EB030EBC2F4C06F600483147 /* Build configuration list for PBXNativeTarget "SolarSystemAppUITests" */;
			buildPhases = (
				EB030EA82F4C06F600483147 /* Sources */,
				EB030EA92F4C06F600483147 /* Frameworks */,
				EB030EAA2F4C06F600483147 /* Resources */,
			);
			buildRules = (
			);
			dependencies = (
				EB030EAE2F4C06F600483147 /* PBXTargetDependency */,
			);
			fileSystemSynchronizedGroups = (
				EB030EAF2F4C06F600483147 /* SolarSystemAppUITests */,
			);
			name = SolarSystemAppUITests;
			packageProductDependencies = (
			);
			productName = SolarSystemAppUITests;
			productReference = EB030EAC2F4C06F600483147 /* SolarSystemAppUITests.xctest */;
			productType = "com.apple.product-type.bundle.ui-testing";
		};
/* End PBXNativeTarget section */

/* Begin PBXProject section */
		EB030E8D2F4C06F400483147 /* Project object */ = {
			isa = PBXProject;
			attributes = {
				BuildIndependentTargetsInParallel = 1;
				LastSwiftUpdateCheck = 2610;
				LastUpgradeCheck = 2610;
				TargetAttributes = {
					EB030E942F4C06F400483147 = {
						CreatedOnToolsVersion = 26.1;
					};
					EB030EA12F4C06F600483147 = {
						CreatedOnToolsVersion = 26.1;
						TestTargetID = EB030E942F4C06F400483147;
					};
					EB030EAB2F4C06F600483147 = {
						CreatedOnToolsVersion = 26.1;
						TestTargetID = EB030E942F4C06F400483147;
					};
				};
			};
			buildConfigurationList = EB030E902F4C06F400483147 /* Build configuration list for PBXProject "SolarSystemApp" */;
			developmentRegion = en;
			hasScannedForEncodings = 0;
			knownRegions = (
				en,
				Base,
			);
			mainGroup = EB030E8C2F4C06F400483147;
			minimizedProjectReferenceProxies = 1;
			preferredProjectObjectVersion = 77;
			productRefGroup = EB030E962F4C06F400483147 /* Products */;
			projectDirPath = "";
			projectRoot = "";
			targets = (
				EB030E942F4C06F400483147 /* SolarSystemApp */,
				EB030EA12F4C06F600483147 /* SolarSystemAppTests */,
				EB030EAB2F4C06F600483147 /* SolarSystemAppUITests */,
			);
		};
/* End PBXProject section */

/* Begin PBXResourcesBuildPhase section */
		EB030E932F4C06F400483147 /* Resources */ = {
			isa = PBXResourcesBuildPhase;
			buildActionMask = 2147483647;
			files = (
			);
			runOnlyForDeploymentPostprocessing = 0;
		};
		EB030EA02F4C06F600483147 /* Resources */ = {
			isa = PBXResourcesBuildPhase;
			buildActionMask = 2147483647;
			files = (
			);
			runOnlyForDeploymentPostprocessing = 0;
		};
		EB030EAA2F4C06F600483147 /* Resources */ = {
			isa = PBXResourcesBuildPhase;
			buildActionMask = 2147483647;
			files = (
			);
			runOnlyForDeploymentPostprocessing = 0;
		};
/* End PBXResourcesBuildPhase section */

/* Begin PBXSourcesBuildPhase section */
		EB030E912F4C06F400483147 /* Sources */ = {
			isa = PBXSourcesBuildPhase;
			buildActionMask = 2147483647;
			files = (
				EB030EC52F4C0C2100483147 /* SolarSystemEngine.cpp in Sources */,
			);
			runOnlyForDeploymentPostprocessing = 0;
		};
		EB030E9E2F4C06F600483147 /* Sources */ = {
			isa = PBXSourcesBuildPhase;
			buildActionMask = 2147483647;
			files = (
			);
			runOnlyForDeploymentPostprocessing = 0;
		};
		EB030EA82F4C06F600483147 /* Sources */ = {
			isa = PBXSourcesBuildPhase;
			buildActionMask = 2147483647;
			files = (
			);
			runOnlyForDeploymentPostprocessing = 0;
		};
/* End PBXSourcesBuildPhase section */

/* Begin PBXTargetDependency section */
		EB030EA42F4C06F600483147 /* PBXTargetDependency */ = {
			isa = PBXTargetDependency;
			target = EB030E942F4C06F400483147 /* SolarSystemApp */;
			targetProxy = EB030EA32F4C06F600483147 /* PBXContainerItemProxy */;
		};
		EB030EAE2F4C06F600483147 /* PBXTargetDependency */ = {
			isa = PBXTargetDependency;
			target = EB030E942F4C06F400483147 /* SolarSystemApp */;
			targetProxy = EB030EAD2F4C06F600483147 /* PBXContainerItemProxy */;
		};
/* End PBXTargetDependency section */

/* Begin XCBuildConfiguration section */
		EB030EB42F4C06F600483147 /* Debug */ = {
			isa = XCBuildConfiguration;
			buildSettings = {
				ALWAYS_SEARCH_USER_PATHS = NO;
				ASSETCATALOG_COMPILER_GENERATE_SWIFT_ASSET_SYMBOL_EXTENSIONS = YES;
				CLANG_ANALYZER_NONNULL = YES;
				CLANG_ANALYZER_NUMBER_OBJECT_CONVERSION = YES_AGGRESSIVE;
				CLANG_CXX_LANGUAGE_STANDARD = "gnu++20";
				CLANG_ENABLE_MODULES = YES;
				CLANG_ENABLE_OBJC_ARC = YES;
				CLANG_ENABLE_OBJC_WEAK = YES;
				CLANG_WARN_BLOCK_CAPTURE_AUTORELEASING = YES;
				CLANG_WARN_BOOL_CONVERSION = YES;
				CLANG_WARN_COMMA = YES;
				CLANG_WARN_CONSTANT_CONVERSION = YES;
				CLANG_WARN_DEPRECATED_OBJC_IMPLEMENTATIONS = YES;
				CLANG_WARN_DIRECT_OBJC_ISA_USAGE = YES_ERROR;
				CLANG_WARN_DOCUMENTATION_COMMENTS = YES;
				CLANG_WARN_EMPTY_BODY = YES;
				CLANG_WARN_ENUM_CONVERSION = YES;
				CLANG_WARN_INFINITE_RECURSION = YES;
				CLANG_WARN_INT_CONVERSION = YES;
				CLANG_WARN_NON_LITERAL_NULL_CONVERSION = YES;
				CLANG_WARN_OBJC_IMPLICIT_RETAIN_SELF = YES;
				CLANG_WARN_OBJC_LITERAL_CONVERSION = YES;
				CLANG_WARN_OBJC_ROOT_CLASS = YES_ERROR;
				CLANG_WARN_QUOTED_INCLUDE_IN_FRAMEWORK_HEADER = YES;
				CLANG_WARN_RANGE_LOOP_ANALYSIS = YES;
				CLANG_WARN_STRICT_PROTOTYPES = YES;
				CLANG_WARN_SUSPICIOUS_MOVE = YES;
				CLANG_WARN_UNGUARDED_AVAILABILITY = YES_AGGRESSIVE;
				CLANG_WARN_UNREACHABLE_CODE = YES;
				CLANG_WARN__DUPLICATE_METHOD_MATCH = YES;
				COPY_PHASE_STRIP = NO;
				DEBUG_INFORMATION_FORMAT = dwarf;
				DEVELOPMENT_TEAM = XFTT995Z5X;
				ENABLE_STRICT_OBJC_MSGSEND = YES;
				ENABLE_TESTABILITY = YES;
				ENABLE_USER_SCRIPT_SANDBOXING = YES;
				GCC_C_LANGUAGE_STANDARD = gnu17;
				GCC_DYNAMIC_NO_PIC = NO;
				GCC_NO_COMMON_BLOCKS = YES;
				GCC_OPTIMIZATION_LEVEL = 0;
				GCC_PREPROCESSOR_DEFINITIONS = (
					"DEBUG=1",
					"$(inherited)",
				);
				GCC_WARN_64_TO_32_BIT_CONVERSION = YES;
				GCC_WARN_ABOUT_RETURN_TYPE = YES_ERROR;
				GCC_WARN_UNDECLARED_SELECTOR = YES;
				GCC_WARN_UNINITIALIZED_AUTOS = YES_AGGRESSIVE;
				GCC_WARN_UNUSED_FUNCTION = YES;
				GCC_WARN_UNUSED_VARIABLE = YES;
				IPHONEOS_DEPLOYMENT_TARGET = 26.1;
				LOCALIZATION_PREFERS_STRING_CATALOGS = YES;
				MTL_ENABLE_DEBUG_INFO = INCLUDE_SOURCE;
				MTL_FAST_MATH = YES;
				ONLY_ACTIVE_ARCH = YES;
				SDKROOT = iphoneos;
				SWIFT_ACTIVE_COMPILATION_CONDITIONS = "DEBUG $(inherited)";
				SWIFT_OPTIMIZATION_LEVEL = "-Onone";
			};
			name = Debug;
		};
		EB030EB52F4C06F600483147 /* Release */ = {
			isa = XCBuildConfiguration;
			buildSettings = {
				ALWAYS_SEARCH_USER_PATHS = NO;
				ASSETCATALOG_COMPILER_GENERATE_SWIFT_ASSET_SYMBOL_EXTENSIONS = YES;
				CLANG_ANALYZER_NONNULL = YES;
				CLANG_ANALYZER_NUMBER_OBJECT_CONVERSION = YES_AGGRESSIVE;
				CLANG_CXX_LANGUAGE_STANDARD = "gnu++20";
				CLANG_ENABLE_MODULES = YES;
				CLANG_ENABLE_OBJC_ARC = YES;
				CLANG_ENABLE_OBJC_WEAK = YES;
				CLANG_WARN_BLOCK_CAPTURE_AUTORELEASING = YES;
				CLANG_WARN_BOOL_CONVERSION = YES;
				CLANG_WARN_COMMA = YES;
				CLANG_WARN_CONSTANT_CONVERSION = YES;
				CLANG_WARN_DEPRECATED_OBJC_IMPLEMENTATIONS = YES;
				CLANG_WARN_DIRECT_OBJC_ISA_USAGE = YES_ERROR;
				CLANG_WARN_DOCUMENTATION_COMMENTS = YES;
				CLANG_WARN_EMPTY_BODY = YES;
				CLANG_WARN_ENUM_CONVERSION = YES;
				CLANG_WARN_INFINITE_RECURSION = YES;
				CLANG_WARN_INT_CONVERSION = YES;
				CLANG_WARN_NON_LITERAL_NULL_CONVERSION = YES;
				CLANG_WARN_OBJC_IMPLICIT_RETAIN_SELF = YES;
				CLANG_WARN_OBJC_LITERAL_CONVERSION = YES;
				CLANG_WARN_OBJC_ROOT_CLASS = YES_ERROR;
				CLANG_WARN_QUOTED_INCLUDE_IN_FRAMEWORK_HEADER = YES;
				CLANG_WARN_RANGE_LOOP_ANALYSIS = YES;
				CLANG_WARN_STRICT_PROTOTYPES = YES;
				CLANG_WARN_SUSPICIOUS_MOVE = YES;
				CLANG_WARN_UNGUARDED_AVAILABILITY = YES_AGGRESSIVE;
				CLANG_WARN_UNREACHABLE_CODE = YES;
				CLANG_WARN__DUPLICATE_METHOD_MATCH = YES;
				COPY_PHASE_STRIP = NO;
				DEBUG_INFORMATION_FORMAT = "dwarf-with-dsym";
				DEVELOPMENT_TEAM = XFTT995Z5X;
				ENABLE_NS_ASSERTIONS = NO;
				ENABLE_STRICT_OBJC_MSGSEND = YES;
				ENABLE_USER_SCRIPT_SANDBOXING = YES;
				GCC_C_LANGUAGE_STANDARD = gnu17;
				GCC_NO_COMMON_BLOCKS = YES;
				GCC_WARN_64_TO_32_BIT_CONVERSION = YES;
				GCC_WARN_ABOUT_RETURN_TYPE = YES_ERROR;
				GCC_WARN_UNDECLARED_SELECTOR = YES;
				GCC_WARN_UNINITIALIZED_AUTOS = YES_AGGRESSIVE;
				GCC_WARN_UNUSED_FUNCTION = YES;
				GCC_WARN_UNUSED_VARIABLE = YES;
				IPHONEOS_DEPLOYMENT_TARGET = 26.1;
				LOCALIZATION_PREFERS_STRING_CATALOGS = YES;
				MTL_ENABLE_DEBUG_INFO = NO;
				MTL_FAST_MATH = YES;
				SDKROOT = iphoneos;
				SWIFT_COMPILATION_MODE = wholemodule;
				VALIDATE_PRODUCT = YES;
			};
			name = Release;
		};
		EB030EB72F4C06F600483147 /* Debug */ = {
			isa = XCBuildConfiguration;
			buildSettings = {
				ASSETCATALOG_COMPILER_APPICON_NAME = AppIcon;
				ASSETCATALOG_COMPILER_GLOBAL_ACCENT_COLOR_NAME = AccentColor;
				CODE_SIGN_STYLE = Automatic;
				CURRENT_PROJECT_VERSION = 1;
				DEVELOPMENT_TEAM = XFTT995Z5X;
				ENABLE_PREVIEWS = YES;
				GENERATE_INFOPLIST_FILE = YES;
				INFOPLIST_KEY_UIApplicationSceneManifest_Generation = YES;
				INFOPLIST_KEY_UIApplicationSupportsIndirectInputEvents = YES;
				INFOPLIST_KEY_UILaunchScreen_Generation = YES;
				INFOPLIST_KEY_UISupportedInterfaceOrientations_iPad = "UIInterfaceOrientationPortrait UIInterfaceOrientationPortraitUpsideDown UIInterfaceOrientationLandscapeLeft UIInterfaceOrientationLandscapeRight";
				INFOPLIST_KEY_UISupportedInterfaceOrientations_iPhone = "UIInterfaceOrientationPortrait UIInterfaceOrientationLandscapeLeft UIInterfaceOrientationLandscapeRight";
				LD_RUNPATH_SEARCH_PATHS = (
					"$(inherited)",
					"@executable_path/Frameworks",
				);
				MARKETING_VERSION = 1.0;
				PRODUCT_BUNDLE_IDENTIFIER = Game.SolarSystemApp;
				PRODUCT_NAME = "$(TARGET_NAME)";
				STRING_CATALOG_GENERATE_SYMBOLS = YES;
				SWIFT_APPROACHABLE_CONCURRENCY = YES;
				SWIFT_DEFAULT_ACTOR_ISOLATION = MainActor;
				SWIFT_EMIT_LOC_STRINGS = YES;
				SWIFT_OBJC_BRIDGING_HEADER = /Users/jojo/Desktop/SolarSystemApp/BridgingHeader.h;
				SWIFT_OBJC_INTEROP_MODE = objcxx;
				SWIFT_UPCOMING_FEATURE_MEMBER_IMPORT_VISIBILITY = YES;
				SWIFT_VERSION = 5.0;
				TARGETED_DEVICE_FAMILY = "1,2";
			};
			name = Debug;
		};
		EB030EB82F4C06F600483147 /* Release */ = {
			isa = XCBuildConfiguration;
			buildSettings = {
				ASSETCATALOG_COMPILER_APPICON_NAME = AppIcon;
				ASSETCATALOG_COMPILER_GLOBAL_ACCENT_COLOR_NAME = AccentColor;
				CODE_SIGN_STYLE = Automatic;
				CURRENT_PROJECT_VERSION = 1;
				DEVELOPMENT_TEAM = XFTT995Z5X;
				ENABLE_PREVIEWS = YES;
				GENERATE_INFOPLIST_FILE = YES;
				INFOPLIST_KEY_UIApplicationSceneManifest_Generation = YES;
				INFOPLIST_KEY_UIApplicationSupportsIndirectInputEvents = YES;
				INFOPLIST_KEY_UILaunchScreen_Generation = YES;
				INFOPLIST_KEY_UISupportedInterfaceOrientations_iPad = "UIInterfaceOrientationPortrait UIInterfaceOrientationPortraitUpsideDown UIInterfaceOrientationLandscapeLeft UIInterfaceOrientationLandscapeRight";
				INFOPLIST_KEY_UISupportedInterfaceOrientations_iPhone = "UIInterfaceOrientationPortrait UIInterfaceOrientationLandscapeLeft UIInterfaceOrientationLandscapeRight";
				LD_RUNPATH_SEARCH_PATHS = (
					"$(inherited)",
					"@executable_path/Frameworks",
				);
				MARKETING_VERSION = 1.0;
				PRODUCT_BUNDLE_IDENTIFIER = Game.SolarSystemApp;
				PRODUCT_NAME = "$(TARGET_NAME)";
				STRING_CATALOG_GENERATE_SYMBOLS = YES;
				SWIFT_APPROACHABLE_CONCURRENCY = YES;
				SWIFT_DEFAULT_ACTOR_ISOLATION = MainActor;
				SWIFT_EMIT_LOC_STRINGS = YES;
				SWIFT_OBJC_BRIDGING_HEADER = /Users/jojo/Desktop/SolarSystemApp/BridgingHeader.h;
				SWIFT_OBJC_INTEROP_MODE = objcxx;
				SWIFT_UPCOMING_FEATURE_MEMBER_IMPORT_VISIBILITY = YES;
				SWIFT_VERSION = 5.0;
				TARGETED_DEVICE_FAMILY = "1,2";
			};
			name = Release;
		};
		EB030EBA2F4C06F600483147 /* Debug */ = {
			isa = XCBuildConfiguration;
			buildSettings = {
				BUNDLE_LOADER = "$(TEST_HOST)";
				CODE_SIGN_STYLE = Automatic;
				CURRENT_PROJECT_VERSION = 1;
				DEVELOPMENT_TEAM = XFTT995Z5X;
				GENERATE_INFOPLIST_FILE = YES;
				IPHONEOS_DEPLOYMENT_TARGET = 26.1;
				MARKETING_VERSION = 1.0;
				PRODUCT_BUNDLE_IDENTIFIER = Game.SolarSystemAppTests;
				PRODUCT_NAME = "$(TARGET_NAME)";
				STRING_CATALOG_GENERATE_SYMBOLS = NO;
				SWIFT_APPROACHABLE_CONCURRENCY = YES;
				SWIFT_EMIT_LOC_STRINGS = NO;
				SWIFT_UPCOMING_FEATURE_MEMBER_IMPORT_VISIBILITY = YES;
				SWIFT_VERSION = 5.0;
				TARGETED_DEVICE_FAMILY = "1,2";
				TEST_HOST = "$(BUILT_PRODUCTS_DIR)/SolarSystemApp.app/$(BUNDLE_EXECUTABLE_FOLDER_PATH)/SolarSystemApp";
			};
			name = Debug;
		};
		EB030EBB2F4C06F600483147 /* Release */ = {
			isa = XCBuildConfiguration;
			buildSettings = {
				BUNDLE_LOADER = "$(TEST_HOST)";
				CODE_SIGN_STYLE = Automatic;
				CURRENT_PROJECT_VERSION = 1;
				DEVELOPMENT_TEAM = XFTT995Z5X;
				GENERATE_INFOPLIST_FILE = YES;
				IPHONEOS_DEPLOYMENT_TARGET = 26.1;
				MARKETING_VERSION = 1.0;
				PRODUCT_BUNDLE_IDENTIFIER = Game.SolarSystemAppTests;
				PRODUCT_NAME = "$(TARGET_NAME)";
				STRING_CATALOG_GENERATE_SYMBOLS = NO;
				SWIFT_APPROACHABLE_CONCURRENCY = YES;
				SWIFT_EMIT_LOC_STRINGS = NO;
				SWIFT_UPCOMING_FEATURE_MEMBER_IMPORT_VISIBILITY = YES;
				SWIFT_VERSION = 5.0;
				TARGETED_DEVICE_FAMILY = "1,2";
				TEST_HOST = "$(BUILT_PRODUCTS_DIR)/SolarSystemApp.app/$(BUNDLE_EXECUTABLE_FOLDER_PATH)/SolarSystemApp";
			};
			name = Release;
		};
		EB030EBD2F4C06F600483147 /* Debug */ = {
			isa = XCBuildConfiguration;
			buildSettings = {
				CODE_SIGN_STYLE = Automatic;
				CURRENT_PROJECT_VERSION = 1;
				DEVELOPMENT_TEAM = XFTT995Z5X;
				GENERATE_INFOPLIST_FILE = YES;
				MARKETING_VERSION = 1.0;
				PRODUCT_BUNDLE_IDENTIFIER = Game.SolarSystemAppUITests;
				PRODUCT_NAME = "$(TARGET_NAME)";
				STRING_CATALOG_GENERATE_SYMBOLS = NO;
				SWIFT_APPROACHABLE_CONCURRENCY = YES;
				SWIFT_EMIT_LOC_STRINGS = NO;
				SWIFT_UPCOMING_FEATURE_MEMBER_IMPORT_VISIBILITY = YES;
				SWIFT_VERSION = 5.0;
				TARGETED_DEVICE_FAMILY = "1,2";
				TEST_TARGET_NAME = SolarSystemApp;
			};
			name = Debug;
		};
		EB030EBE2F4C06F600483147 /* Release */ = {
			isa = XCBuildConfiguration;
			buildSettings = {
				CODE_SIGN_STYLE = Automatic;
				CURRENT_PROJECT_VERSION = 1;
				DEVELOPMENT_TEAM = XFTT995Z5X;
				GENERATE_INFOPLIST_FILE = YES;
				MARKETING_VERSION = 1.0;
				PRODUCT_BUNDLE_IDENTIFIER = Game.SolarSystemAppUITests;
				PRODUCT_NAME = "$(TARGET_NAME)";
				STRING_CATALOG_GENERATE_SYMBOLS = NO;
				SWIFT_APPROACHABLE_CONCURRENCY = YES;
				SWIFT_EMIT_LOC_STRINGS = NO;
				SWIFT_UPCOMING_FEATURE_MEMBER_IMPORT_VISIBILITY = YES;
				SWIFT_VERSION = 5.0;
				TARGETED_DEVICE_FAMILY = "1,2";
				TEST_TARGET_NAME = SolarSystemApp;
			};
			name = Release;
		};
/* End XCBuildConfiguration section */

/* Begin XCConfigurationList section */
		EB030E902F4C06F400483147 /* Build configuration list for PBXProject "SolarSystemApp" */ = {
			isa = XCConfigurationList;
			buildConfigurations = (
				EB030EB42F4C06F600483147 /* Debug */,
				EB030EB52F4C06F600483147 /* Release */,
			);
			defaultConfigurationIsVisible = 0;
			defaultConfigurationName = Release;
		};
		EB030EB62F4C06F600483147 /* Build configuration list for PBXNativeTarget "SolarSystemApp" */ = {
			isa = XCConfigurationList;
			buildConfigurations = (
				EB030EB72F4C06F600483147 /* Debug */,
				EB030EB82F4C06F600483147 /* Release */,
			);
			defaultConfigurationIsVisible = 0;
			defaultConfigurationName = Release;
		};
		EB030EB92F4C06F600483147 /* Build configuration list for PBXNativeTarget "SolarSystemAppTests" */ = {
			isa = XCConfigurationList;
			buildConfigurations = (
				EB030EBA2F4C06F600483147 /* Debug */,
				EB030EBB2F4C06F600483147 /* Release */,
			);
			defaultConfigurationIsVisible = 0;
			defaultConfigurationName = Release;
		};
		EB030EBC2F4C06F600483147 /* Build configuration list for PBXNativeTarget "SolarSystemAppUITests" */ = {
			isa = XCConfigurationList;
			buildConfigurations = (
				EB030EBD2F4C06F600483147 /* Debug */,
				EB030EBE2F4C06F600483147 /* Release */,
			);
			defaultConfigurationIsVisible = 0;
			defaultConfigurationName = Release;
		};
/* End XCConfigurationList section */
	};
	rootObject = EB030E8D2F4C06F400483147 /* Project object */;
}
